
Microsoft Visual Studio Solution File, Format Version 12.00
# Visual Studio Version 16
VisualStudioVersion = 16.0.30114.105
MinimumVisualStudioVersion = 10.0.40219.1
Project("{FAE04EC0-301F-11D3-BF4B-00C04F79EFBC}") = "TimerTest", "TimerTest\TimerTest.csproj", "{4B49722E-FF92-41F7-88AE-76D39F0DF686}"
EndProject
Global
	GlobalSection(SolutionConfigurationPlatforms) = preSolution
		Debug|Any CPU = Debug|Any CPU
		Release|Any CPU = Release|Any CPU
	EndGlobalSection
	GlobalSection(ProjectConfigurationPlatforms) = postSolution
		{4B49722E-FF92-41F7-88AE-76D39F0DF686}.Debug|Any CPU.ActiveCfg = Debug|Any CPU
		{4B49722E-FF92-41F7-88AE-76D39F0DF686}.Debug|Any CPU.Build.0 = Debug|Any CPU
		{4B49722E-FF92-41F7-88AE-76D39F0DF686}.Release|Any CPU.ActiveCfg = Release|Any CPU
		{4B49722E-FF92-41F7-88AE-76D39F0DF686}.Release|Any CPU.Build.0 = Release|Any CPU
	EndGlobalSection
	GlobalSection(SolutionProperties) = preSolution
		HideSolutionNode = FALSE
	EndGlobalSection
	GlobalSection(ExtensibilityGlobals) = postSolution
		SolutionGuid = {11E4257E-4A91-48BC-95B9-8BF867406A03}
	EndGlobalSection
EndGlobal
